
Microsoft Visual Studio Solution File, Format Version 12.00
# Visual Studio 2013
VisualStudioVersion = 12.0.30501.0
MinimumVisualStudioVersion = 10.0.40219.1
Project("{FAE04EC0-301F-11D3-BF4B-00C04F79EFBC}") = "Raml.Tools", "Raml.Tools\Raml.Tools.csproj", "{851D7EAB-C9FB-4A3F-9537-BB8F36710395}"
EndProject
Project("{FAE04EC0-301F-11D3-BF4B-00C04F79EFBC}") = "Raml.Tools.Tests", "Raml.Tools.Tests\Raml.Tools.Tests.csproj", "{506E0987-5F2D-409B-80DE-0B0D3EDE275B}"
EndProject
Project("{FAE04EC0-301F-11D3-BF4B-00C04F79EFBC}") = "MuleSoft.RAML.Tools", "MuleSoft.RAML.Tools\MuleSoft.RAML.Tools.csproj", "{7E570882-1D40-487C-977B-69DEDA80BD63}"
EndProject
Project("{FAE04EC0-301F-11D3-BF4B-00C04F79EFBC}") = "Raml.Common", "Raml.Common\Raml.Common.csproj", "{05A60B40-E199-435D-99A4-0DD7637F5690}"
EndProject
Project("{2150E333-8FDC-42A3-9474-1A3956D46DE8}") = "Solution Items", "Solution Items", "{DD39147D-2814-4B26-81D7-76A354193023}"
	ProjectSection(SolutionItems) = preProject
		README.asciidoc = README.asciidoc
	EndProjectSection
EndProject
Project("{2150E333-8FDC-42A3-9474-1A3956D46DE8}") = ".nuget", ".nuget", "{C5478D09-843C-40EA-9DF5-06D5CAD36B01}"
	ProjectSection(SolutionItems) = preProject
		.nuget\NuGet.Config = .nuget\NuGet.Config
		.nuget\NuGet.exe = .nuget\NuGet.exe
		.nuget\NuGet.targets = .nuget\NuGet.targets
	EndProjectSection
EndProject
Global
	GlobalSection(SolutionConfigurationPlatforms) = preSolution
		Debug|x64 = Debug|x64
		Debug|x86 = Debug|x86
		Release|x64 = Release|x64
		Release|x86 = Release|x86
	EndGlobalSection
	GlobalSection(ProjectConfigurationPlatforms) = postSolution
		{851D7EAB-C9FB-4A3F-9537-BB8F36710395}.Debug|x64.ActiveCfg = Debug|x64
		{851D7EAB-C9FB-4A3F-9537-BB8F36710395}.Debug|x64.Build.0 = Debug|x64
		{851D7EAB-C9FB-4A3F-9537-BB8F36710395}.Debug|x86.ActiveCfg = Debug|x86
		{851D7EAB-C9FB-4A3F-9537-BB8F36710395}.Debug|x86.Build.0 = Debug|x86
		{851D7EAB-C9FB-4A3F-9537-BB8F36710395}.Release|x64.ActiveCfg = Release|x64
		{851D7EAB-C9FB-4A3F-9537-BB8F36710395}.Release|x64.Build.0 = Release|x64
		{851D7EAB-C9FB-4A3F-9537-BB8F36710395}.Release|x86.ActiveCfg = Release|x86
		{851D7EAB-C9FB-4A3F-9537-BB8F36710395}.Release|x86.Build.0 = Release|x86
		{506E0987-5F2D-409B-80DE-0B0D3EDE275B}.Debug|x64.ActiveCfg = Debug|x64
		{506E0987-5F2D-409B-80DE-0B0D3EDE275B}.Debug|x64.Build.0 = Debug|x64
		{506E0987-5F2D-409B-80DE-0B0D3EDE275B}.Debug|x86.ActiveCfg = Debug|x86
		{506E0987-5F2D-409B-80DE-0B0D3EDE275B}.Debug|x86.Build.0 = Debug|x86
		{506E0987-5F2D-409B-80DE-0B0D3EDE275B}.Release|x64.ActiveCfg = Release|x64
		{506E0987-5F2D-409B-80DE-0B0D3EDE275B}.Release|x64.Build.0 = Release|x64
		{506E0987-5F2D-409B-80DE-0B0D3EDE275B}.Release|x86.ActiveCfg = Release|x86
		{506E0987-5F2D-409B-80DE-0B0D3EDE275B}.Release|x86.Build.0 = Release|x86
		{7E570882-1D40-487C-977B-69DEDA80BD63}.Debug|x64.ActiveCfg = Debug|x64
		{7E570882-1D40-487C-977B-69DEDA80BD63}.Debug|x64.Build.0 = Debug|x64
		{7E570882-1D40-487C-977B-69DEDA80BD63}.Debug|x86.ActiveCfg = Debug|x86
		{7E570882-1D40-487C-977B-69DEDA80BD63}.Debug|x86.Build.0 = Debug|x86
		{7E570882-1D40-487C-977B-69DEDA80BD63}.Release|x64.ActiveCfg = Release|x64
		{7E570882-1D40-487C-977B-69DEDA80BD63}.Release|x64.Build.0 = Release|x64
		{7E570882-1D40-487C-977B-69DEDA80BD63}.Release|x86.ActiveCfg = Release|x86
		{7E570882-1D40-487C-977B-69DEDA80BD63}.Release|x86.Build.0 = Release|x86
		{05A60B40-E199-435D-99A4-0DD7637F5690}.Debug|x64.ActiveCfg = Debug|x64
		{05A60B40-E199-435D-99A4-0DD7637F5690}.Debug|x64.Build.0 = Debug|x64
		{05A60B40-E199-435D-99A4-0DD7637F5690}.Debug|x86.ActiveCfg = Debug|x86
		{05A60B40-E199-435D-99A4-0DD7637F5690}.Debug|x86.Build.0 = Debug|x86
		{05A60B40-E199-435D-99A4-0DD7637F5690}.Release|x64.ActiveCfg = Release|x64
		{05A60B40-E199-435D-99A4-0DD7637F5690}.Release|x64.Build.0 = Release|x64
		{05A60B40-E199-435D-99A4-0DD7637F5690}.Release|x86.ActiveCfg = Release|x86
		{05A60B40-E199-435D-99A4-0DD7637F5690}.Release|x86.Build.0 = Release|x86
	EndGlobalSection
	GlobalSection(SolutionProperties) = preSolution
		HideSolutionNode = FALSE
	EndGlobalSection
EndGlobal
